
Microsoft Visual Studio Solution File, Format Version 12.00
# Visual Studio Version 17
VisualStudioVersion = 17.14.36414.22
MinimumVisualStudioVersion = 10.0.40219.1
Project("{FAE04EC0-301F-11D3-BF4B-00C04F79EFBC}") = "TaskManagement.API", "TaskManagement.API\TaskManagement.API.csproj", "{99DC90D2-E496-46A8-8B4E-D2216D088EFA}"
EndProject
Project("{FAE04EC0-301F-11D3-BF4B-00C04F79EFBC}") = "TaskManagement.Application", "TaskManagement.Application\TaskManagement.Application.csproj", "{E7180CAF-0181-4D61-A5C8-41B4C567DB48}"
EndProject
Project("{FAE04EC0-301F-11D3-BF4B-00C04F79EFBC}") = "TaskMangement.Infrastructure", "TaskMangement.Infrastructure\TaskMangement.Infrastructure.csproj", "{AADBB76D-9C1E-42A2-88A8-19068C4170CF}"
EndProject
Project("{FAE04EC0-301F-11D3-BF4B-00C04F79EFBC}") = "TaskManagement.Common", "TaskManagement.Common\TaskManagement.Common.csproj", "{CD3ED560-19E1-4803-A3CA-D537634060B3}"
EndProject
Project("{FAE04EC0-301F-11D3-BF4B-00C04F79EFBC}") = "TaskManagement.Data", "TaskManagement.Data\TaskManagement.Data.csproj", "{85E18728-E610-4C69-9C14-D3D2032161D4}"
EndProject
Project("{2150E333-8FDC-42A3-9474-1A3956D46DE8}") = "Solution Items", "Solution Items", "{8EC462FD-D22E-90A8-E5CE-7E832BA40C5D}"
	ProjectSection(SolutionItems) = preProject
		.gitignore = .gitignore
	EndProjectSection
EndProject
Global
	GlobalSection(SolutionConfigurationPlatforms) = preSolution
		Debug|Any CPU = Debug|Any CPU
		Release|Any CPU = Release|Any CPU
	EndGlobalSection
	GlobalSection(ProjectConfigurationPlatforms) = postSolution
		{99DC90D2-E496-46A8-8B4E-D2216D088EFA}.Debug|Any CPU.ActiveCfg = Debug|Any CPU
		{99DC90D2-E496-46A8-8B4E-D2216D088EFA}.Debug|Any CPU.Build.0 = Debug|Any CPU
		{99DC90D2-E496-46A8-8B4E-D2216D088EFA}.Release|Any CPU.ActiveCfg = Release|Any CPU
		{99DC90D2-E496-46A8-8B4E-D2216D088EFA}.Release|Any CPU.Build.0 = Release|Any CPU
		{E7180CAF-0181-4D61-A5C8-41B4C567DB48}.Debug|Any CPU.ActiveCfg = Debug|Any CPU
		{E7180CAF-0181-4D61-A5C8-41B4C567DB48}.Debug|Any CPU.Build.0 = Debug|Any CPU
		{E7180CAF-0181-4D61-A5C8-41B4C567DB48}.Release|Any CPU.ActiveCfg = Release|Any CPU
		{E7180CAF-0181-4D61-A5C8-41B4C567DB48}.Release|Any CPU.Build.0 = Release|Any CPU
		{AADBB76D-9C1E-42A2-88A8-19068C4170CF}.Debug|Any CPU.ActiveCfg = Debug|Any CPU
		{AADBB76D-9C1E-42A2-88A8-19068C4170CF}.Debug|Any CPU.Build.0 = Debug|Any CPU
		{AADBB76D-9C1E-42A2-88A8-19068C4170CF}.Release|Any CPU.ActiveCfg = Release|Any CPU
		{AADBB76D-9C1E-42A2-88A8-19068C4170CF}.Release|Any CPU.Build.0 = Release|Any CPU
		{CD3ED560-19E1-4803-A3CA-D537634060B3}.Debug|Any CPU.ActiveCfg = Debug|Any CPU
		{CD3ED560-19E1-4803-A3CA-D537634060B3}.Debug|Any CPU.Build.0 = Debug|Any CPU
		{CD3ED560-19E1-4803-A3CA-D537634060B3}.Release|Any CPU.ActiveCfg = Release|Any CPU
		{CD3ED560-19E1-4803-A3CA-D537634060B3}.Release|Any CPU.Build.0 = Release|Any CPU
		{85E18728-E610-4C69-9C14-D3D2032161D4}.Debug|Any CPU.ActiveCfg = Debug|Any CPU
		{85E18728-E610-4C69-9C14-D3D2032161D4}.Debug|Any CPU.Build.0 = Debug|Any CPU
		{85E18728-E610-4C69-9C14-D3D2032161D4}.Release|Any CPU.ActiveCfg = Release|Any CPU
		{85E18728-E610-4C69-9C14-D3D2032161D4}.Release|Any CPU.Build.0 = Release|Any CPU
	EndGlobalSection
	GlobalSection(SolutionProperties) = preSolution
		HideSolutionNode = FALSE
	EndGlobalSection
	GlobalSection(ExtensibilityGlobals) = postSolution
		SolutionGuid = {C08828B3-D2D5-475F-9B1A-42B027D9BA6D}
	EndGlobalSection
EndGlobal
